
Microsoft Visual Studio Solution File, Format Version 12.00
# Visual Studio 14
VisualStudioVersion = 14.0.25420.1
MinimumVisualStudioVersion = 10.0.40219.1
Project("{FAE04EC0-301F-11D3-BF4B-00C04F79EFBC}") = "DapperMysql", "DapperMysql\DapperMysql.csproj", "{0BBDD065-878E-4292-9531-3AE1A07764A0}"
EndProject
Project("{FAE04EC0-301F-11D3-BF4B-00C04F79EFBC}") = "DapperMysql.Models", "DapperMysql.Models\DapperMysql.Models.csproj", "{4251EC08-A617-4DC1-B890-5E9F6EF2A58F}"
EndProject
Global
	GlobalSection(SolutionConfigurationPlatforms) = preSolution
		Debug|Any CPU = Debug|Any CPU
		Release|Any CPU = Release|Any CPU
	EndGlobalSection
	GlobalSection(ProjectConfigurationPlatforms) = postSolution
		{0BBDD065-878E-4292-9531-3AE1A07764A0}.Debug|Any CPU.ActiveCfg = Debug|Any CPU
		{0BBDD065-878E-4292-9531-3AE1A07764A0}.Debug|Any CPU.Build.0 = Debug|Any CPU
		{0BBDD065-878E-4292-9531-3AE1A07764A0}.Release|Any CPU.ActiveCfg = Release|Any CPU
		{0BBDD065-878E-4292-9531-3AE1A07764A0}.Release|Any CPU.Build.0 = Release|Any CPU
		{4251EC08-A617-4DC1-B890-5E9F6EF2A58F}.Debug|Any CPU.ActiveCfg = Debug|Any CPU
		{4251EC08-A617-4DC1-B890-5E9F6EF2A58F}.Debug|Any CPU.Build.0 = Debug|Any CPU
		{4251EC08-A617-4DC1-B890-5E9F6EF2A58F}.Release|Any CPU.ActiveCfg = Release|Any CPU
		{4251EC08-A617-4DC1-B890-5E9F6EF2A58F}.Release|Any CPU.Build.0 = Release|Any CPU
	EndGlobalSection
	GlobalSection(SolutionProperties) = preSolution
		HideSolutionNode = FALSE
	EndGlobalSection
EndGlobal
